
Microsoft Visual Studio Solution File, Format Version 12.00
# Visual Studio 2017
Project("{FAE04EC0-301F-11D3-BF4B-00C04F79EFBC}") = "Room14MazeGame", "Room14MazeGame.csproj", "{818BDA63-6856-BEEF-9A53-0865DF4435F8}"
EndProject
Project("{FAE04EC0-301F-11D3-BF4B-00C04F79EFBC}") = "Room14MazeGame.Editor", "Room14MazeGame.Editor.csproj", "{B510BDCD-12D0-1859-8C5C-D1CE3D6B817F}"
EndProject
Global
	GlobalSection(SolutionConfigurationPlatforms) = preSolution
		Debug|Any CPU = Debug|Any CPU
		Release|Any CPU = Release|Any CPU
	EndGlobalSection
	GlobalSection(ProjectConfigurationPlatforms) = postSolution
		{818BDA63-6856-BEEF-9A53-0865DF4435F8}.Debug|Any CPU.ActiveCfg = Debug|Any CPU
		{818BDA63-6856-BEEF-9A53-0865DF4435F8}.Debug|Any CPU.Build.0 = Debug|Any CPU
		{818BDA63-6856-BEEF-9A53-0865DF4435F8}.Release|Any CPU.ActiveCfg = Release|Any CPU
		{818BDA63-6856-BEEF-9A53-0865DF4435F8}.Release|Any CPU.Build.0 = Release|Any CPU
		{B510BDCD-12D0-1859-8C5C-D1CE3D6B817F}.Debug|Any CPU.ActiveCfg = Debug|Any CPU
		{B510BDCD-12D0-1859-8C5C-D1CE3D6B817F}.Debug|Any CPU.Build.0 = Debug|Any CPU
		{B510BDCD-12D0-1859-8C5C-D1CE3D6B817F}.Release|Any CPU.ActiveCfg = Release|Any CPU
		{B510BDCD-12D0-1859-8C5C-D1CE3D6B817F}.Release|Any CPU.Build.0 = Release|Any CPU
	EndGlobalSection
	GlobalSection(SolutionProperties) = preSolution
		HideSolutionNode = FALSE
	EndGlobalSection
EndGlobal
